// !$*UTF8*$!
{
	archiveVersion = 1;
	classes = {
	};
	objectVersion = 77;
	objects = {

/* Begin PBXBuildFile section */
		8104545D300DBFAB00A561BF /* WWSimpleVideoPlayerViewUI in Frameworks */ = {isa = PBXBuildFile; productRef = 8104545C300DBFAB00A561BF /* WWSimpleVideoPlayerViewUI */; };
		81045460300DC5A700A561BF /* WWSimpleVideoPlayerViewUI in Frameworks */ = {isa = PBXBuildFile; productRef = 8104545F300DC5A700A561BF /* WWSimpleVideoPlayerViewUI */; };
		81406A123008DFF400BD511B /* WWFileService in Frameworks */ = {isa = PBXBuildFile; productRef = 81406A113008DFF400BD511B /* WWFileService */; };
		8175D712300A13C900BB3AD9 /* WWFileService in Frameworks */ = {isa = PBXBuildFile; productRef = 8175D711300A13C900BB3AD9 /* WWFileService */; };
/* End PBXBuildFile section */

/* Begin PBXFileReference section */
		8140699D3008868E00BD511B /* VideoPlayerUI.app */ = {isa = PBXFileReference; explicitFileType = wrapper.application; includeInIndex = 0; path = VideoPlayerUI.app; sourceTree = BUILT_PRODUCTS_DIR; };
/* End PBXFileReference section */

/* Begin PBXFileSystemSynchronizedBuildFileExceptionSet section */
		8175D79C300A1CC900BB3AD9 /* Exceptions for "VideoPlayerUI" folder in "VideoPlayerUI" target */ = {
			isa = PBXFileSystemSynchronizedBuildFileExceptionSet;
			membershipExceptions = (
				Info.plist,
			);
			target = 8140699C3008868E00BD511B /* VideoPlayerUI */;
		};
/* End PBXFileSystemSynchronizedBuildFileExceptionSet section */

/* Begin PBXFileSystemSynchronizedRootGroup section */
		8140699F3008868E00BD511B /* VideoPlayerUI */ = {
			isa = PBXFileSystemSynchronizedRootGroup;
			exceptions = (
				8175D79C300A1CC900BB3AD9 /* Exceptions for "VideoPlayerUI" folder in "VideoPlayerUI" target */,
			);
			path = VideoPlayerUI;
			sourceTree = "<group>";
		};
/* End PBXFileSystemSynchronizedRootGroup section */

/* Begin PBXFrameworksBuildPhase section */
		8140699A3008868E00BD511B /* Frameworks */ = {
			isa = PBXFrameworksBuildPhase;
			buildActionMask = 2147483647;
			files = (
				8104545D300DBFAB00A561BF /* WWSimpleVideoPlayerViewUI in Frameworks */,
				8175D712300A13C900BB3AD9 /* WWFileService in Frameworks */,
				81045460300DC5A700A561BF /* WWSimpleVideoPlayerViewUI in Frameworks */,
				81406A123008DFF400BD511B /* WWFileService in Frameworks */,
			);
			runOnlyForDeploymentPostprocessing = 0;
		};
/* End PBXFrameworksBuildPhase section */

/* Begin PBXGroup section */
		814069943008868E00BD511B = {
			isa = PBXGroup;
			children = (
				8140699F3008868E00BD511B /* VideoPlayerUI */,
				8140699E3008868E00BD511B /* Products */,
			);
			sourceTree = "<group>";
		};
		8140699E3008868E00BD511B /* Products */ = {
			isa = PBXGroup;
			children = (
				8140699D3008868E00BD511B /* VideoPlayerUI.app */,
			);
			name = Products;
			sourceTree = "<group>";
		};
/* End PBXGroup section */

/* Begin PBXNativeTarget section */
		8140699C3008868E00BD511B /* VideoPlayerUI */ = {
			isa = PBXNativeTarget;
			buildConfigurationList = 814069A83008869000BD511B /* Build configuration list for PBXNativeTarget "VideoPlayerUI" */;
			buildPhases = (
				814069993008868E00BD511B /* Sources */,
				8140699A3008868E00BD511B /* Frameworks */,
				8140699B3008868E00BD511B /* Resources */,
			);
			buildRules = (
			);
			dependencies = (
			);
			fileSystemSynchronizedGroups = (
				8140699F3008868E00BD511B /* VideoPlayerUI */,
			);
			name = VideoPlayerUI;
			packageProductDependencies = (
				81406A113008DFF400BD511B /* WWFileService */,
				8175D711300A13C900BB3AD9 /* WWFileService */,
				8104545C300DBFAB00A561BF /* WWSimpleVideoPlayerViewUI */,
				8104545F300DC5A700A561BF /* WWSimpleVideoPlayerViewUI */,
			);
			productName = VideoPlayerUI;
			productReference = 8140699D3008868E00BD511B /* VideoPlayerUI.app */;
			productType = "com.apple.product-type.application";
		};
/* End PBXNativeTarget section */

/* Begin PBXProject section */
		814069953008868E00BD511B /* Project object */ = {
			isa = PBXProject;
			attributes = {
				BuildIndependentTargetsInParallel = 1;
				LastSwiftUpdateCheck = 2630;
				LastUpgradeCheck = 2630;
				TargetAttributes = {
					8140699C3008868E00BD511B = {
						CreatedOnToolsVersion = 26.3;
					};
				};
			};
			buildConfigurationList = 814069983008868E00BD511B /* Build configuration list for PBXProject "VideoPlayerUI" */;
			developmentRegion = en;
			hasScannedForEncodings = 0;
			knownRegions = (
				en,
				Base,
			);
			mainGroup = 814069943008868E00BD511B;
			minimizedProjectReferenceProxies = 1;
			packageReferences = (
				8175D710300A13C900BB3AD9 /* XCRemoteSwiftPackageReference "WWFileService" */,
				8104545E300DC5A700A561BF /* XCRemoteSwiftPackageReference "WWSimpleVideoPlayerViewUI" */,
			);
			preferredProjectObjectVersion = 77;
			productRefGroup = 8140699E3008868E00BD511B /* Products */;
			projectDirPath = "";
			projectRoot = "";
			targets = (
				8140699C3008868E00BD511B /* VideoPlayerUI */,
			);
		};
/* End PBXProject section */

/* Begin PBXResourcesBuildPhase section */
		8140699B3008868E00BD511B /* Resources */ = {
			isa = PBXResourcesBuildPhase;
			buildActionMask = 2147483647;
			files = (
			);
			runOnlyForDeploymentPostprocessing = 0;
		};
/* End PBXResourcesBuildPhase section */

/* Begin PBXSourcesBuildPhase section */
		814069993008868E00BD511B /* Sources */ = {
			isa = PBXSourcesBuildPhase;
			buildActionMask = 2147483647;
			files = (
			);
			runOnlyForDeploymentPostprocessing = 0;
		};
/* End PBXSourcesBuildPhase section */

/* Begin XCBuildConfiguration section */
		814069A63008869000BD511B /* Debug */ = {
			isa = XCBuildConfiguration;
			buildSettings = {
				ALWAYS_SEARCH_USER_PATHS = NO;
				ASSETCATALOG_COMPILER_GENERATE_SWIFT_ASSET_SYMBOL_EXTENSIONS = YES;
				CLANG_ANALYZER_NONNULL = YES;
				CLANG_ANALYZER_NUMBER_OBJECT_CONVERSION = YES_AGGRESSIVE;
				CLANG_CXX_LANGUAGE_STANDARD = "gnu++20";
				CLANG_ENABLE_MODULES = YES;
				CLANG_ENABLE_OBJC_ARC = YES;
				CLANG_ENABLE_OBJC_WEAK = YES;
				CLANG_WARN_BLOCK_CAPTURE_AUTORELEASING = YES;
				CLANG_WARN_BOOL_CONVERSION = YES;
				CLANG_WARN_COMMA = YES;
				CLANG_WARN_CONSTANT_CONVERSION = YES;
				CLANG_WARN_DEPRECATED_OBJC_IMPLEMENTATIONS = YES;
				CLANG_WARN_DIRECT_OBJC_ISA_USAGE = YES_ERROR;
				CLANG_WARN_DOCUMENTATION_COMMENTS = YES;
				CLANG_WARN_EMPTY_BODY = YES;
				CLANG_WARN_ENUM_CONVERSION = YES;
				CLANG_WARN_INFINITE_RECURSION = YES;
				CLANG_WARN_INT_CONVERSION = YES;
				CLANG_WARN_NON_LITERAL_NULL_CONVERSION = YES;
				CLANG_WARN_OBJC_IMPLICIT_RETAIN_SELF = YES;
				CLANG_WARN_OBJC_LITERAL_CONVERSION = YES;
				CLANG_WARN_OBJC_ROOT_CLASS = YES_ERROR;
				CLANG_WARN_QUOTED_INCLUDE_IN_FRAMEWORK_HEADER = YES;
				CLANG_WARN_RANGE_LOOP_ANALYSIS = YES;
				CLANG_WARN_STRICT_PROTOTYPES = YES;
				CLANG_WARN_SUSPICIOUS_MOVE = YES;
				CLANG_WARN_UNGUARDED_AVAILABILITY = YES_AGGRESSIVE;
				CLANG_WARN_UNREACHABLE_CODE = YES;
				CLANG_WARN__DUPLICATE_METHOD_MATCH = YES;
				COPY_PHASE_STRIP = NO;
				DEBUG_INFORMATION_FORMAT = dwarf;
				DEVELOPMENT_TEAM = 4Q5CYDAG3B;
				ENABLE_STRICT_OBJC_MSGSEND = YES;
				ENABLE_TESTABILITY = YES;
				ENABLE_USER_SCRIPT_SANDBOXING = YES;
				GCC_C_LANGUAGE_STANDARD = gnu17;
				GCC_DYNAMIC_NO_PIC = NO;
				GCC_NO_COMMON_BLOCKS = YES;
				GCC_OPTIMIZATION_LEVEL = 0;
				GCC_PREPROCESSOR_DEFINITIONS = (
					"DEBUG=1",
					"$(inherited)",
				);
				GCC_WARN_64_TO_32_BIT_CONVERSION = YES;
				GCC_WARN_ABOUT_RETURN_TYPE = YES_ERROR;
				GCC_WARN_UNDECLARED_SELECTOR = YES;
				GCC_WARN_UNINITIALIZED_AUTOS = YES_AGGRESSIVE;
				GCC_WARN_UNUSED_FUNCTION = YES;
				GCC_WARN_UNUSED_VARIABLE = YES;
				IPHONEOS_DEPLOYMENT_TARGET = 26.2;
				LOCALIZATION_PREFERS_STRING_CATALOGS = YES;
				MTL_ENABLE_DEBUG_INFO = INCLUDE_SOURCE;
				MTL_FAST_MATH = YES;
				ONLY_ACTIVE_ARCH = YES;
				SDKROOT = iphoneos;
				SWIFT_ACTIVE_COMPILATION_CONDITIONS = "DEBUG $(inherited)";
				SWIFT_OPTIMIZATION_LEVEL = "-Onone";
			};
			name = Debug;
		};
		814069A73008869000BD511B /* Release */ = {
			isa = XCBuildConfiguration;
			buildSettings = {
				ALWAYS_SEARCH_USER_PATHS = NO;
				ASSETCATALOG_COMPILER_GENERATE_SWIFT_ASSET_SYMBOL_EXTENSIONS = YES;
				CLANG_ANALYZER_NONNULL = YES;
				CLANG_ANALYZER_NUMBER_OBJECT_CONVERSION = YES_AGGRESSIVE;
				CLANG_CXX_LANGUAGE_STANDARD = "gnu++20";
				CLANG_ENABLE_MODULES = YES;
				CLANG_ENABLE_OBJC_ARC = YES;
				CLANG_ENABLE_OBJC_WEAK = YES;
				CLANG_WARN_BLOCK_CAPTURE_AUTORELEASING = YES;
				CLANG_WARN_BOOL_CONVERSION = YES;
				CLANG_WARN_COMMA = YES;
				CLANG_WARN_CONSTANT_CONVERSION = YES;
				CLANG_WARN_DEPRECATED_OBJC_IMPLEMENTATIONS = YES;
				CLANG_WARN_DIRECT_OBJC_ISA_USAGE = YES_ERROR;
				CLANG_WARN_DOCUMENTATION_COMMENTS = YES;
				CLANG_WARN_EMPTY_BODY = YES;
				CLANG_WARN_ENUM_CONVERSION = YES;
				CLANG_WARN_INFINITE_RECURSION = YES;
				CLANG_WARN_INT_CONVERSION = YES;
				CLANG_WARN_NON_LITERAL_NULL_CONVERSION = YES;
				CLANG_WARN_OBJC_IMPLICIT_RETAIN_SELF = YES;
				CLANG_WARN_OBJC_LITERAL_CONVERSION = YES;
				CLANG_WARN_OBJC_ROOT_CLASS = YES_ERROR;
				CLANG_WARN_QUOTED_INCLUDE_IN_FRAMEWORK_HEADER = YES;
				CLANG_WARN_RANGE_LOOP_ANALYSIS = YES;
				CLANG_WARN_STRICT_PROTOTYPES = YES;
				CLANG_WARN_SUSPICIOUS_MOVE = YES;
				CLANG_WARN_UNGUARDED_AVAILABILITY = YES_AGGRESSIVE;
				CLANG_WARN_UNREACHABLE_CODE = YES;
				CLANG_WARN__DUPLICATE_METHOD_MATCH = YES;
				COPY_PHASE_STRIP = NO;
				DEBUG_INFORMATION_FORMAT = "dwarf-with-dsym";
				DEVELOPMENT_TEAM = 4Q5CYDAG3B;
				ENABLE_NS_ASSERTIONS = NO;
				ENABLE_STRICT_OBJC_MSGSEND = YES;
				ENABLE_USER_SCRIPT_SANDBOXING = YES;
				GCC_C_LANGUAGE_STANDARD = gnu17;
				GCC_NO_COMMON_BLOCKS = YES;
				GCC_WARN_64_TO_32_BIT_CONVERSION = YES;
				GCC_WARN_ABOUT_RETURN_TYPE = YES_ERROR;
				GCC_WARN_UNDECLARED_SELECTOR = YES;
				GCC_WARN_UNINITIALIZED_AUTOS = YES_AGGRESSIVE;
				GCC_WARN_UNUSED_FUNCTION = YES;
				GCC_WARN_UNUSED_VARIABLE = YES;
				IPHONEOS_DEPLOYMENT_TARGET = 26.2;
				LOCALIZATION_PREFERS_STRING_CATALOGS = YES;
				MTL_ENABLE_DEBUG_INFO = NO;
				MTL_FAST_MATH = YES;
				SDKROOT = iphoneos;
				SWIFT_COMPILATION_MODE = wholemodule;
				VALIDATE_PRODUCT = YES;
			};
			name = Release;
		};
		814069A93008869000BD511B /* Debug */ = {
			isa = XCBuildConfiguration;
			buildSettings = {
				ASSETCATALOG_COMPILER_APPICON_NAME = AppIcon;
				ASSETCATALOG_COMPILER_GLOBAL_ACCENT_COLOR_NAME = AccentColor;
				CODE_SIGN_STYLE = Automatic;
				CURRENT_PROJECT_VERSION = 20260720;
				DEVELOPMENT_TEAM = 4Q5CYDAG3B;
				ENABLE_PREVIEWS = YES;
				GENERATE_INFOPLIST_FILE = YES;
				INFOPLIST_FILE = VideoPlayerUI/Info.plist;
				INFOPLIST_KEY_LSSupportsOpeningDocumentsInPlace = YES;
				INFOPLIST_KEY_UIApplicationSceneManifest_Generation = YES;
				INFOPLIST_KEY_UIApplicationSupportsIndirectInputEvents = YES;
				INFOPLIST_KEY_UILaunchScreen_Generation = YES;
				INFOPLIST_KEY_UISupportedInterfaceOrientations = "UIInterfaceOrientationLandscapeLeft UIInterfaceOrientationLandscapeRight UIInterfaceOrientationPortrait";
				INFOPLIST_KEY_UISupportedInterfaceOrientations_iPad = "UIInterfaceOrientationLandscapeLeft UIInterfaceOrientationLandscapeRight UIInterfaceOrientationPortrait UIInterfaceOrientationPortraitUpsideDown";
				INFOPLIST_KEY_UISupportsDocumentBrowser = YES;
				IPHONEOS_DEPLOYMENT_TARGET = 17.5;
				LD_RUNPATH_SEARCH_PATHS = (
					"$(inherited)",
					"@executable_path/Frameworks",
				);
				MARKETING_VERSION = 1.0.3;
				PRODUCT_BUNDLE_IDENTIFIER = idv.william.VideoPlayerUI;
				PRODUCT_NAME = "$(TARGET_NAME)";
				STRING_CATALOG_GENERATE_SYMBOLS = YES;
				SUPPORTED_PLATFORMS = "iphoneos iphonesimulator";
				SUPPORTS_MACCATALYST = NO;
				SUPPORTS_MAC_DESIGNED_FOR_IPHONE_IPAD = NO;
				SUPPORTS_XR_DESIGNED_FOR_IPHONE_IPAD = NO;
				SWIFT_APPROACHABLE_CONCURRENCY = YES;
				SWIFT_DEFAULT_ACTOR_ISOLATION = MainActor;
				SWIFT_EMIT_LOC_STRINGS = YES;
				SWIFT_UPCOMING_FEATURE_MEMBER_IMPORT_VISIBILITY = YES;
				SWIFT_VERSION = 5.0;
				TARGETED_DEVICE_FAMILY = 1;
			};
			name = Debug;
		};
		814069AA3008869000BD511B /* Release */ = {
			isa = XCBuildConfiguration;
			buildSettings = {
				ASSETCATALOG_COMPILER_APPICON_NAME = AppIcon;
				ASSETCATALOG_COMPILER_GLOBAL_ACCENT_COLOR_NAME = AccentColor;
				CODE_SIGN_STYLE = Automatic;
				CURRENT_PROJECT_VERSION = 20260720;
				DEVELOPMENT_TEAM = 4Q5CYDAG3B;
				ENABLE_PREVIEWS = YES;
				GENERATE_INFOPLIST_FILE = YES;
				INFOPLIST_FILE = VideoPlayerUI/Info.plist;
				INFOPLIST_KEY_LSSupportsOpeningDocumentsInPlace = YES;
				INFOPLIST_KEY_UIApplicationSceneManifest_Generation = YES;
				INFOPLIST_KEY_UIApplicationSupportsIndirectInputEvents = YES;
				INFOPLIST_KEY_UILaunchScreen_Generation = YES;
				INFOPLIST_KEY_UISupportedInterfaceOrientations = "UIInterfaceOrientationLandscapeLeft UIInterfaceOrientationLandscapeRight UIInterfaceOrientationPortrait";
				INFOPLIST_KEY_UISupportedInterfaceOrientations_iPad = "UIInterfaceOrientationLandscapeLeft UIInterfaceOrientationLandscapeRight UIInterfaceOrientationPortrait UIInterfaceOrientationPortraitUpsideDown";
				INFOPLIST_KEY_UISupportsDocumentBrowser = YES;
				IPHONEOS_DEPLOYMENT_TARGET = 17.5;
				LD_RUNPATH_SEARCH_PATHS = (
					"$(inherited)",
					"@executable_path/Frameworks",
				);
				MARKETING_VERSION = 1.0.3;
				PRODUCT_BUNDLE_IDENTIFIER = idv.william.VideoPlayerUI;
				PRODUCT_NAME = "$(TARGET_NAME)";
				STRING_CATALOG_GENERATE_SYMBOLS = YES;
				SUPPORTED_PLATFORMS = "iphoneos iphonesimulator";
				SUPPORTS_MACCATALYST = NO;
				SUPPORTS_MAC_DESIGNED_FOR_IPHONE_IPAD = NO;
				SUPPORTS_XR_DESIGNED_FOR_IPHONE_IPAD = NO;
				SWIFT_APPROACHABLE_CONCURRENCY = YES;
				SWIFT_DEFAULT_ACTOR_ISOLATION = MainActor;
				SWIFT_EMIT_LOC_STRINGS = YES;
				SWIFT_UPCOMING_FEATURE_MEMBER_IMPORT_VISIBILITY = YES;
				SWIFT_VERSION = 5.0;
				TARGETED_DEVICE_FAMILY = 1;
			};
			name = Release;
		};
/* End XCBuildConfiguration section */

/* Begin XCConfigurationList section */
		814069983008868E00BD511B /* Build configuration list for PBXProject "VideoPlayerUI" */ = {
			isa = XCConfigurationList;
			buildConfigurations = (
				814069A63008869000BD511B /* Debug */,
				814069A73008869000BD511B /* Release */,
			);
			defaultConfigurationIsVisible = 0;
			defaultConfigurationName = Release;
		};
		814069A83008869000BD511B /* Build configuration list for PBXNativeTarget "VideoPlayerUI" */ = {
			isa = XCConfigurationList;
			buildConfigurations = (
				814069A93008869000BD511B /* Debug */,
				814069AA3008869000BD511B /* Release */,
			);
			defaultConfigurationIsVisible = 0;
			defaultConfigurationName = Release;
		};
/* End XCConfigurationList section */

/* Begin XCRemoteSwiftPackageReference section */
		8104545E300DC5A700A561BF /* XCRemoteSwiftPackageReference "WWSimpleVideoPlayerViewUI" */ = {
			isa = XCRemoteSwiftPackageReference;
			repositoryURL = "https://github.com/William-Weng/WWSimpleVideoPlayerViewUI";
			requirement = {
				kind = upToNextMajorVersion;
				minimumVersion = 1.3.2;
			};
		};
		8175D710300A13C900BB3AD9 /* XCRemoteSwiftPackageReference "WWFileService" */ = {
			isa = XCRemoteSwiftPackageReference;
			repositoryURL = "https://github.com/William-Weng/WWFileService";
			requirement = {
				kind = upToNextMinorVersion;
				minimumVersion = 1.1.0;
			};
		};
/* End XCRemoteSwiftPackageReference section */

/* Begin XCSwiftPackageProductDependency section */
		8104545C300DBFAB00A561BF /* WWSimpleVideoPlayerViewUI */ = {
			isa = XCSwiftPackageProductDependency;
			productName = WWSimpleVideoPlayerViewUI;
		};
		8104545F300DC5A700A561BF /* WWSimpleVideoPlayerViewUI */ = {
			isa = XCSwiftPackageProductDependency;
			package = 8104545E300DC5A700A561BF /* XCRemoteSwiftPackageReference "WWSimpleVideoPlayerViewUI" */;
			productName = WWSimpleVideoPlayerViewUI;
		};
		81406A113008DFF400BD511B /* WWFileService */ = {
			isa = XCSwiftPackageProductDependency;
			productName = WWFileService;
		};
		8175D711300A13C900BB3AD9 /* WWFileService */ = {
			isa = XCSwiftPackageProductDependency;
			package = 8175D710300A13C900BB3AD9 /* XCRemoteSwiftPackageReference "WWFileService" */;
			productName = WWFileService;
		};
/* End XCSwiftPackageProductDependency section */
	};
	rootObject = 814069953008868E00BD511B /* Project object */;
}
